%{
  "beam_notify": {:hex, :beam_notify, "1.0.0", "5b8dceed76f8ac4acadf4d2915ac85b98c42bb17d7dd58253c7593d2a0deedbd", [:make, :mix], [{:elixir_make, "~> 0.6", [hex: :elixir_make, repo: "hexpm", optional: false]}], "hexpm", "a80331f6c3596918affa408d91ed634106b7ae71b3fc589432363aca68378362"},
  "castore": {:hex, :castore, "0.1.16", "2675f717adc700475345c5512c381ef9273eb5df26bdd3f8c13e2636cf4cc175", [:mix], [], "hexpm", "28ed2c43d83b5c25d35c51bc0abf229ac51359c170cba76171a462ced2e4b651"},
  "circular_buffer": {:hex, :circular_buffer, "0.4.1", "477f370fd8cfe1787b0a1bade6208bbd274b34f1610e41f1180ba756a7679839", [:mix], [], "hexpm", "633ef2e059dde0d7b89bbab13b1da9d04c6685e80e68fbdf41282d4fae746b72"},
  "cowboy": {:hex, :cowboy, "2.9.0", "865dd8b6607e14cf03282e10e934023a1bd8be6f6bacf921a7e2a96d800cd452", [:make, :rebar3], [{:cowlib, "2.11.0", [hex: :cowlib, repo: "hexpm", optional: false]}, {:ranch, "1.8.0", [hex: :ranch, repo: "hexpm", optional: false]}], "hexpm", "2c729f934b4e1aa149aff882f57c6372c15399a20d54f65c8d67bef583021bde"},
  "cowboy_telemetry": {:hex, :cowboy_telemetry, "0.4.0", "f239f68b588efa7707abce16a84d0d2acf3a0f50571f8bb7f56a15865aae820c", [:rebar3], [{:cowboy, "~> 2.7", [hex: :cowboy, repo: "hexpm", optional: false]}, {:telemetry, "~> 1.0", [hex: :telemetry, repo: "hexpm", optional: false]}], "hexpm", "7d98bac1ee4565d31b62d59f8823dfd8356a169e7fcbb83831b8a5397404c9de"},
  "cowlib": {:hex, :cowlib, "2.11.0", "0b9ff9c346629256c42ebe1eeb769a83c6cb771a6ee5960bd110ab0b9b872063", [:make, :rebar3], [], "hexpm", "2b3e9da0b21c4565751a6d4901c20d1b4cc25cbb7fd50d91d2ab6dd287bc86a9"},
  "decimal": {:hex, :decimal, "2.0.0", "a78296e617b0f5dd4c6caf57c714431347912ffb1d0842e998e9792b5642d697", [:mix], [], "hexpm", "34666e9c55dea81013e77d9d87370fe6cb6291d1ef32f46a1600230b1d44f577"},
  "dotx": {:hex, :dotx, "0.3.1", "69562519ba3f63cc41cb03c2624b83b6b08404a1fbaa91efac785f75a6b94581", [:mix], [], "hexpm", "4eee8ebfe206ba1104138c2c5aad7d2bed4af9a1a1f2419c5cf61e2e1fe62483"},
  "ecto": {:hex, :ecto, "3.7.2", "44c034f88e1980754983cc4400585970b4206841f6f3780967a65a9150ef09a8", [:mix], [{:decimal, "~> 1.6 or ~> 2.0", [hex: :decimal, repo: "hexpm", optional: false]}, {:jason, "~> 1.0", [hex: :jason, repo: "hexpm", optional: true]}, {:telemetry, "~> 0.4 or ~> 1.0", [hex: :telemetry, repo: "hexpm", optional: false]}], "hexpm", "a600da5772d1c31abbf06f3e4a1ffb150e74ed3e2aa92ff3cee95901657a874e"},
  "elixir_make": {:hex, :elixir_make, "0.6.3", "bc07d53221216838d79e03a8019d0839786703129599e9619f4ab74c8c096eac", [:mix], [], "hexpm", "f5cbd651c5678bcaabdbb7857658ee106b12509cd976c2c2fca99688e1daf716"},
  "file_system": {:hex, :file_system, "0.2.10", "fb082005a9cd1711c05b5248710f8826b02d7d1784e7c3451f9c1231d4fc162d", [:mix], [], "hexpm", "41195edbfb562a593726eda3b3e8b103a309b733ad25f3d642ba49696bf715dc"},
  "gen_state_machine": {:hex, :gen_state_machine, "3.0.0", "1e57f86a494e5c6b14137ebef26a7eb342b3b0070c7135f2d6768ed3f6b6cdff", [:mix], [], "hexpm", "0a59652574bebceb7309f6b749d2a41b45fdeda8dbb4da0791e355dd19f0ed15"},
  "gettext": {:hex, :gettext, "0.19.1", "564953fd21f29358e68b91634799d9d26989f8d039d7512622efb3c3b1c97892", [:mix], [], "hexpm", "10c656c0912b8299adba9b061c06947511e3f109ab0d18b44a866a4498e77222"},
  "gviz": {:git, "https://github.com/axelson/dep_viz.git", "4ba54b66d255dcb42065ebdbb643165e1dbc2c65", []},
  "hpax": {:hex, :hpax, "0.1.1", "2396c313683ada39e98c20a75a82911592b47e5c24391363343bde74f82396ca", [:mix], [], "hexpm", "0ae7d5a0b04a8a60caf7a39fcf3ec476f35cc2cc16c05abea730d3ce6ac6c826"},
  "jamroom": {:git, "https://github.com/axelson/jamroom.git", "1a0cd0ddbcb87a3b3a28ab0e271714b7064155b0", [branch: "update-dependencies"]},
  "jason": {:hex, :jason, "1.4.0", "e855647bc964a44e2f67df589ccf49105ae039d4179db7f6271dfd3843dc27e6", [:mix], [{:decimal, "~> 1.0 or ~> 2.0", [hex: :decimal, repo: "hexpm", optional: true]}], "hexpm", "79a3791085b2a0f743ca04cec0f7be26443738779d09302e01318f97bdb82121"},
  "jose": {:hex, :jose, "1.11.2", "f4c018ccf4fdce22c71e44d471f15f723cb3efab5d909ab2ba202b5bf35557b3", [:mix, :rebar3], [], "hexpm", "98143fbc48d55f3a18daba82d34fe48959d44538e9697c08f34200fa5f0947d2"},
  "makeup": {:hex, :makeup, "1.1.0", "6b67c8bc2882a6b6a445859952a602afc1a41c2e08379ca057c0f525366fc3ca", [:mix], [{:nimble_parsec, "~> 1.2.2 or ~> 1.3", [hex: :nimble_parsec, repo: "hexpm", optional: false]}], "hexpm", "0a45ed501f4a8897f580eabf99a2e5234ea3e75a4373c8a52824f6e873be57a6"},
  "makeup_elixir": {:hex, :makeup_elixir, "0.15.2", "dc72dfe17eb240552857465cc00cce390960d9a0c055c4ccd38b70629227e97c", [:mix], [{:makeup, "~> 1.0", [hex: :makeup, repo: "hexpm", optional: false]}, {:nimble_parsec, "~> 1.1", [hex: :nimble_parsec, repo: "hexpm", optional: false]}], "hexpm", "fd23ae48d09b32eff49d4ced2b43c9f086d402ee4fd4fcb2d7fad97fa8823e75"},
  "makeup_live": {:git, "https://github.com/axelson/makeup_live_format.git", "575e7c9469053f48669a5a8a2ec2219eb65f55ee", []},
  "master_proxy": {:git, "https://github.com/axelson/master_proxy.git", "650fd66c18f908814260faef9ff03c9896663bc0", [branch: "flexiblity-1"]},
  "mdns_lite": {:hex, :mdns_lite, "0.8.4", "6daa3ff4ec046f2e87a0d8f6de315fe9607f469ae2fe5f5978c9ef16152e60cb", [:mix], [{:vintage_net, "~> 0.7", [hex: :vintage_net, repo: "hexpm", optional: true]}], "hexpm", "1fa1d1939eb8de081a76fe140641af6230e344f38077f9f30a1f65537f3b6eed"},
  "mime": {:hex, :mime, "2.0.2", "0b9e1a4c840eafb68d820b0e2158ef5c49385d17fb36855ac6e7e087d4b1dcc5", [:mix], [], "hexpm", "e6a3f76b4c277739e36c2e21a2c640778ba4c3846189d5ab19f97f126df5f9b7"},
  "mint": {:hex, :mint, "1.4.1", "49b3b6ea35a9a38836d2ad745251b01ca9ec062f7cb66f546bf22e6699137126", [:mix], [{:castore, "~> 0.1.0", [hex: :castore, repo: "hexpm", optional: true]}, {:hpax, "~> 0.1.1", [hex: :hpax, repo: "hexpm", optional: false]}], "hexpm", "cd261766e61011a9079cccf8fa9d826e7a397c24fbedf0e11b49312bea629b58"},
  "muontrap": {:hex, :muontrap, "1.0.0", "53a05c37f71cc5070aaa0858a774ae1f500160b7186a70565521a14ef7843c5a", [:make, :mix], [{:elixir_make, "~> 0.6", [hex: :elixir_make, repo: "hexpm", optional: false]}], "hexpm", "0d3cd6e335986f9c2af1b61f583375b0f0d91cea95b7ec7bc720f330b4dc9b49"},
  "nerves": {:hex, :nerves, "1.7.16", "a98004a89c1cf47a9ad022c9c1a46b272ca690030914c19c1709679d671a520c", [:make, :mix], [{:castore, "~> 0.1", [hex: :castore, repo: "hexpm", optional: false]}, {:elixir_make, "~> 0.6", [hex: :elixir_make, repo: "hexpm", optional: false]}, {:jason, "~> 1.2", [hex: :jason, repo: "hexpm", optional: true]}], "hexpm", "ebad8305a3d24ea22a20d9ce779f56a5006d222d74ce9cafe4a6dccaed88ec2d"},
  "nerves_motd": {:hex, :nerves_motd, "0.1.7", "33d7818767a2065ad793e30d9508c8c7076e17746baf89778f637a0e47ca291b", [:mix], [{:nerves_runtime, "~> 0.8", [hex: :nerves_runtime, repo: "hexpm", optional: false]}, {:nerves_time_zones, "~> 0.1", [hex: :nerves_time_zones, repo: "hexpm", optional: true]}], "hexpm", "8d631eb9407ca206d5d6d8e68dfba88aea635a25c150e5a00a2fa78791349bb7"},
  "nerves_pack": {:hex, :nerves_pack, "0.7.0", "bc93834edbb9321b180dc104440070279eb02159359715f68f770e74ed86a582", [:mix], [{:mdns_lite, "~> 0.8", [hex: :mdns_lite, repo: "hexpm", optional: false]}, {:nerves_motd, "~> 0.1", [hex: :nerves_motd, repo: "hexpm", optional: false]}, {:nerves_runtime, "~> 0.6", [hex: :nerves_runtime, repo: "hexpm", optional: false]}, {:nerves_ssh, "~> 0.3", [hex: :nerves_ssh, repo: "hexpm", optional: false]}, {:nerves_time, "~> 0.3", [hex: :nerves_time, repo: "hexpm", optional: false]}, {:ring_logger, "~> 0.8", [hex: :ring_logger, repo: "hexpm", optional: false]}, {:vintage_net, "~> 0.10", [hex: :vintage_net, repo: "hexpm", optional: false]}, {:vintage_net_direct, "~> 0.10", [hex: :vintage_net_direct, repo: "hexpm", optional: false]}, {:vintage_net_ethernet, "~> 0.10", [hex: :vintage_net_ethernet, repo: "hexpm", optional: false]}, {:vintage_net_wifi, "~> 0.10", [hex: :vintage_net_wifi, repo: "hexpm", optional: false]}], "hexpm", "65a43ea78c10938c87c72d6d42a82c05e831e9a95a0ea26fe8f9d848c009cc57"},
  "nerves_runtime": {:hex, :nerves_runtime, "0.11.10", "a91e7e1af7a3ecbcb2d2f39f79f116966c3135001d57257c0638b714c7791177", [:make, :mix], [{:elixir_make, "~> 0.6", [hex: :elixir_make, repo: "hexpm", optional: false]}, {:system_registry, "~> 0.8.0", [hex: :system_registry, repo: "hexpm", optional: false]}, {:uboot_env, "~> 1.0 or ~> 0.3.0", [hex: :uboot_env, repo: "hexpm", optional: false]}], "hexpm", "d048c77b5d879da14538737883a34a0922af6bb5c1baf061a5961528d4806b4b"},
  "nerves_ssh": {:hex, :nerves_ssh, "0.3.0", "9444a9202725ac65420c9dd574856dffdde5f60ab67890a95fc8e9e1e334d341", [:mix], [{:nerves_runtime, "~> 0.11", [hex: :nerves_runtime, repo: "hexpm", optional: false]}, {:ssh_subsystem_fwup, "~> 0.5", [hex: :ssh_subsystem_fwup, repo: "hexpm", optional: false]}], "hexpm", "c8c0e289790941aeb6940415166504f2d2fc04cb5b910a297d9326f29aae2cf5"},
  "nerves_system_br": {:hex, :nerves_system_br, "1.18.6", "13ea691ba70e6410c9b0b15e12ac972ca054486e38c437214f6a375cecf82ee2", [:mix], [], "hexpm", "0bfca936c08e92709801f9a1b7d236cc29c93ad34f014389f0ae2e3fa9d60d21"},
  "nerves_system_vultr": {:hex, :nerves_system_vultr, "0.15.4", "aca220366cd4e4acfafbc4210aea1dc9834e35bc200f7e01109a95fafb12e818", [:mix], [{:nerves, "~> 1.5.4 or ~> 1.6.0 or ~> 1.7.15", [hex: :nerves, repo: "hexpm", optional: false]}, {:nerves_system_br, "1.18.6", [hex: :nerves_system_br, repo: "hexpm", optional: false]}, {:nerves_toolchain_x86_64_nerves_linux_musl, "~> 1.5.0", [hex: :nerves_toolchain_x86_64_nerves_linux_musl, repo: "hexpm", optional: false]}], "hexpm", "ff5b9d4d15c14116cd9d5d70e12b830d36d6cc2a6cbf16ccd3b300499d987c38"},
  "nerves_system_x86_64": {:hex, :nerves_system_x86_64, "1.18.4", "3eb5ea8f6db4b76426f0a78cbd30f7c7f682f3eb523d79ae23c608632300e488", [:mix], [{:nerves, "~> 1.5.4 or ~> 1.6.0 or ~> 1.7.15", [hex: :nerves, repo: "hexpm", optional: false]}, {:nerves_system_br, "1.18.6", [hex: :nerves_system_br, repo: "hexpm", optional: false]}, {:nerves_toolchain_x86_64_nerves_linux_musl, "~> 1.5.0", [hex: :nerves_toolchain_x86_64_nerves_linux_musl, repo: "hexpm", optional: false]}], "hexpm", "f1521fceb6f97036ca423085ba34df2d075fa638a117f3c443a5dd9f07ea72a9"},
  "nerves_time": {:hex, :nerves_time, "0.4.5", "038d6754421b20f21eff8918f006d26a2c3e7440dc6954c4164030427e9228d8", [:make, :mix], [{:elixir_make, "~> 0.6", [hex: :elixir_make, repo: "hexpm", optional: false]}, {:muontrap, "~> 1.0 or ~> 0.5", [hex: :muontrap, repo: "hexpm", optional: false]}], "hexpm", "cbe4593bb63ba6fd66f09c321f558037ca9de6ad8b93bc0dc77c4209c4734a88"},
  "nerves_toolchain_ctng": {:hex, :nerves_toolchain_ctng, "1.8.5", "f2dfd6e3b5f85889561b9f00c71510eea87c3d05760d20780285deb3c29ca212", [:mix], [{:nerves, "~> 1.0", [hex: :nerves, repo: "hexpm", optional: false]}], "hexpm", "2f65b1866f034054f3d61ee672b6d02f4de1d0b40bef74f49527b98ab46a39fc"},
  "nerves_toolchain_x86_64_nerves_linux_musl": {:hex, :nerves_toolchain_x86_64_nerves_linux_musl, "1.5.0", "badd84f09373163b76a4d758ea5e0795caa367ecc5811dcd2f82030b8b74ed8e", [:mix], [{:nerves, "~> 1.0", [hex: :nerves, repo: "hexpm", optional: false]}, {:nerves_toolchain_ctng, "~> 1.8.5", [hex: :nerves_toolchain_ctng, repo: "hexpm", optional: false]}], "hexpm", "c6117f1c58324dab956cb2a8847a88c73c54d084ca4898684578bd768fc4cfc0"},
  "nimble_csv": {:hex, :nimble_csv, "1.2.0", "4e26385d260c61eba9d4412c71cea34421f296d5353f914afe3f2e71cce97722", [:mix], [], "hexpm", "d0628117fcc2148178b034044c55359b26966c6eaa8e2ce15777be3bbc91b12a"},
  "nimble_options": {:hex, :nimble_options, "0.4.0", "c89babbab52221a24b8d1ff9e7d838be70f0d871be823165c94dd3418eea728f", [:mix], [], "hexpm", "e6701c1af326a11eea9634a3b1c62b475339ace9456c1a23ec3bc9a847bca02d"},
  "nimble_parsec": {:hex, :nimble_parsec, "1.2.3", "244836e6e3f1200c7f30cb56733fd808744eca61fd182f731eac4af635cc6d0b", [:mix], [], "hexpm", "c8d789e39b9131acf7b99291e93dae60ab48ef14a7ee9d58c6964f59efb570b0"},
  "one_dhcpd": {:hex, :one_dhcpd, "2.0.0", "2021b60c9020fb8278a32f2dc6a28cf574859d079501b61af733a065807081e4", [:make, :mix], [{:elixir_make, "~> 0.6", [hex: :elixir_make, repo: "hexpm", optional: false]}], "hexpm", "31319d7eb8e13f7a8d9ba5aa06b098d23a0bd73abc30b09c9d1e63a0533f5cdd"},
  "parent": {:hex, :parent, "0.12.1", "495c4386f06de0df492e0a7a7199c10323a55e9e933b27222060dd86dccd6d62", [:mix], [{:telemetry, "~> 0.4 or ~> 1.0", [hex: :telemetry, repo: "hexpm", optional: false]}], "hexpm", "2ab589ef1f37bfcedbfb5ecfbab93354972fb7391201b8907a866dadd20b39d1"},
  "phoenix": {:hex, :phoenix, "1.6.7", "f1de32418bbbcd471f4fe74d3860ee9c8e8c6c36a0ec173be8ff468a5d72ac90", [:mix], [{:jason, "~> 1.0", [hex: :jason, repo: "hexpm", optional: true]}, {:phoenix_pubsub, "~> 2.0", [hex: :phoenix_pubsub, repo: "hexpm", optional: false]}, {:phoenix_view, "~> 1.0", [hex: :phoenix_view, repo: "hexpm", optional: false]}, {:plug, "~> 1.10", [hex: :plug, repo: "hexpm", optional: false]}, {:plug_cowboy, "~> 2.2", [hex: :plug_cowboy, repo: "hexpm", optional: true]}, {:plug_crypto, "~> 1.2", [hex: :plug_crypto, repo: "hexpm", optional: false]}, {:telemetry, "~> 0.4 or ~> 1.0", [hex: :telemetry, repo: "hexpm", optional: false]}], "hexpm", "b354a4f11d9a2f3a380fb731042dae064f22d7aed8c7e7c024a2459f12994aad"},
  "phoenix_ecto": {:hex, :phoenix_ecto, "4.4.0", "0672ed4e4808b3fbed494dded89958e22fb882de47a97634c0b13e7b0b5f7720", [:mix], [{:ecto, "~> 3.3", [hex: :ecto, repo: "hexpm", optional: false]}, {:phoenix_html, "~> 2.14.2 or ~> 3.0", [hex: :phoenix_html, repo: "hexpm", optional: true]}, {:plug, "~> 1.9", [hex: :plug, repo: "hexpm", optional: false]}], "hexpm", "09864e558ed31ee00bd48fcc1d4fc58ae9678c9e81649075431e69dbabb43cc1"},
  "phoenix_html": {:hex, :phoenix_html, "3.2.0", "1c1219d4b6cb22ac72f12f73dc5fad6c7563104d083f711c3fcd8551a1f4ae11", [:mix], [{:plug, "~> 1.5", [hex: :plug, repo: "hexpm", optional: true]}], "hexpm", "36ec97ba56d25c0136ef1992c37957e4246b649d620958a1f9fa86165f8bc54f"},
  "phoenix_live_dashboard": {:hex, :phoenix_live_dashboard, "0.6.5", "1495bb014be12c9a9252eca04b9af54246f6b5c1e4cd1f30210cd00ec540cf8e", [:mix], [{:ecto, "~> 3.6.2 or ~> 3.7", [hex: :ecto, repo: "hexpm", optional: true]}, {:ecto_mysql_extras, "~> 0.3", [hex: :ecto_mysql_extras, repo: "hexpm", optional: true]}, {:ecto_psql_extras, "~> 0.7", [hex: :ecto_psql_extras, repo: "hexpm", optional: true]}, {:mime, "~> 1.6 or ~> 2.0", [hex: :mime, repo: "hexpm", optional: false]}, {:phoenix_live_view, "~> 0.17.7", [hex: :phoenix_live_view, repo: "hexpm", optional: false]}, {:telemetry_metrics, "~> 0.6.0", [hex: :telemetry_metrics, repo: "hexpm", optional: false]}], "hexpm", "ef4fa50dd78364409039c99cf6f98ab5209b4c5f8796c17f4db118324f0db852"},
  "phoenix_live_view": {:hex, :phoenix_live_view, "0.17.9", "36b5aa812bc3ccd64c9630f6b3234d9ea21105493237e927aae19d0ba758f0db", [:mix], [{:jason, "~> 1.0", [hex: :jason, repo: "hexpm", optional: true]}, {:phoenix, "~> 1.6.0", [hex: :phoenix, repo: "hexpm", optional: false]}, {:phoenix_html, "~> 3.1", [hex: :phoenix_html, repo: "hexpm", optional: false]}, {:telemetry, "~> 0.4.2 or ~> 1.0", [hex: :telemetry, repo: "hexpm", optional: false]}], "hexpm", "f7ebc3e0ba0c5f6b6996ed6c901ddbfdaba59a6d09b569e7cb2f2f7d693b4455"},
  "phoenix_pubsub": {:hex, :phoenix_pubsub, "2.1.1", "ba04e489ef03763bf28a17eb2eaddc2c20c6d217e2150a61e3298b0f4c2012b5", [:mix], [], "hexpm", "81367c6d1eea5878ad726be80808eb5a787a23dee699f96e72b1109c57cdd8d9"},
  "phoenix_view": {:hex, :phoenix_view, "1.1.2", "1b82764a065fb41051637872c7bd07ed2fdb6f5c3bd89684d4dca6e10115c95a", [:mix], [{:phoenix_html, "~> 2.14.2 or ~> 3.0", [hex: :phoenix_html, repo: "hexpm", optional: true]}], "hexpm", "7ae90ad27b09091266f6adbb61e1d2516a7c3d7062c6789d46a7554ec40f3a56"},
  "plug": {:hex, :plug, "1.13.6", "187beb6b67c6cec50503e940f0434ea4692b19384d47e5fdfd701e93cadb4cc2", [:mix], [{:mime, "~> 1.0 or ~> 2.0", [hex: :mime, repo: "hexpm", optional: false]}, {:plug_crypto, "~> 1.1.1 or ~> 1.2", [hex: :plug_crypto, repo: "hexpm", optional: false]}, {:telemetry, "~> 0.4.3 or ~> 1.0", [hex: :telemetry, repo: "hexpm", optional: false]}], "hexpm", "02b9c6b9955bce92c829f31d6284bf53c591ca63c4fb9ff81dfd0418667a34ff"},
  "plug_cowboy": {:hex, :plug_cowboy, "2.5.2", "62894ccd601cf9597e2c23911ff12798a8a18d237e9739f58a6b04e4988899fe", [:mix], [{:cowboy, "~> 2.7", [hex: :cowboy, repo: "hexpm", optional: false]}, {:cowboy_telemetry, "~> 0.3", [hex: :cowboy_telemetry, repo: "hexpm", optional: false]}, {:plug, "~> 1.7", [hex: :plug, repo: "hexpm", optional: false]}], "hexpm", "ea6e87f774c8608d60c8d34022a7d073bd7680a0a013f049fc62bf35efea1044"},
  "plug_crypto": {:hex, :plug_crypto, "1.2.2", "05654514ac717ff3a1843204b424477d9e60c143406aa94daf2274fdd280794d", [:mix], [], "hexpm", "87631c7ad914a5a445f0a3809f99b079113ae4ed4b867348dd9eec288cecb6db"},
  "ranch": {:hex, :ranch, "1.8.0", "8c7a100a139fd57f17327b6413e4167ac559fbc04ca7448e9be9057311597a1d", [:make, :rebar3], [], "hexpm", "49fbcfd3682fab1f5d109351b61257676da1a2fdbe295904176d5e521a2ddfe5"},
  "ring_logger": {:hex, :ring_logger, "0.8.4", "d2e5ade1bb12659ea47c6318940daea1524e9c29dd0447aa1c321673e7b55b89", [:mix], [{:circular_buffer, "~> 0.4.0", [hex: :circular_buffer, repo: "hexpm", optional: false]}], "hexpm", "ef768710fae0f6439b95595cd6fffda2a2a49011eaca812cf94dd8ebb0f5d397"},
  "shoehorn": {:hex, :shoehorn, "0.9.1", "8e12670024c2942e3c2fdd27cd5a034ee0337ee7c25c37b3ebc2ad482de67199", [:mix], [], "hexpm", "fccd040ac22de9b3cc111bbf78a363832c7210010a3fff4a550fbb2f10de0692"},
  "site_encrypt": {:hex, :site_encrypt, "0.4.2", "354ca93a6c6ce84361c3fe4c30636087bb4f332242a5a8a34dd5c4a603156b67", [:mix], [{:castore, "~> 0.1", [hex: :castore, repo: "hexpm", optional: false]}, {:jason, "~> 1.0", [hex: :jason, repo: "hexpm", optional: false]}, {:jose, "~> 1.10", [hex: :jose, repo: "hexpm", optional: false]}, {:mint, "~> 1.1", [hex: :mint, repo: "hexpm", optional: false]}, {:nimble_options, "~> 0.3", [hex: :nimble_options, repo: "hexpm", optional: false]}, {:parent, "~> 0.11", [hex: :parent, repo: "hexpm", optional: false]}, {:phoenix, "~> 1.5", [hex: :phoenix, repo: "hexpm", optional: true]}, {:plug, "~> 1.7", [hex: :plug, repo: "hexpm", optional: true]}, {:plug_cowboy, "~> 2.2", [hex: :plug_cowboy, repo: "hexpm", optional: true]}, {:x509, "~> 0.3", [hex: :x509, repo: "hexpm", optional: false]}], "hexpm", "70bad64a47c738bb8784e6c99ab3e2fca6ae1ec5c8be9ac0e8e17b8f3a269762"},
  "sketchpad": {:git, "https://github.com/axelson/sketchpad.git", "d3bbe63bbd8803e5da8d9022ff643f83d6d6c127", []},
  "skogsra": {:hex, :skogsra, "2.3.3", "90ea76d98ad749241b31e724ca17ed8aca0202001972aeca3cb834f44027f3ea", [:mix], [{:jason, "~> 1.2", [hex: :jason, repo: "hexpm", optional: true]}, {:yamerl, "~> 0.8", [hex: :yamerl, repo: "hexpm", optional: true]}], "hexpm", "e36880922431d41ac56d6cb4529b0526039a108fb44f8ecc90b517d494b86c28"},
  "ssh_subsystem_fwup": {:hex, :ssh_subsystem_fwup, "0.6.0", "821b9cdf52b8dcc286183bce7641e62589373642a10180cd4cadd8e322bc4e8e", [:mix], [], "hexpm", "e5bcc923af4ae49368177437d20383730d096281beb18e9e9a36806aff1ca750"},
  "system_registry": {:hex, :system_registry, "0.8.2", "df791dc276652fcfb53be4dab823e05f8269b96ac57c26f86a67838dbc0eefe7", [:mix], [], "hexpm", "f7acdede22c73ab0b3735eead7f2095efb2a7a6198366564205274db2ca2a8f8"},
  "telemetry": {:hex, :telemetry, "1.1.0", "a589817034a27eab11144ad24d5c0f9fab1f58173274b1e9bae7074af9cbee51", [:rebar3], [], "hexpm", "b727b2a1f75614774cff2d7565b64d0dfa5bd52ba517f16543e6fc7efcc0df48"},
  "telemetry_metrics": {:hex, :telemetry_metrics, "0.6.1", "315d9163a1d4660aedc3fee73f33f1d355dcc76c5c3ab3d59e76e3edf80eef1f", [:mix], [{:telemetry, "~> 0.4 or ~> 1.0", [hex: :telemetry, repo: "hexpm", optional: false]}], "hexpm", "7be9e0871c41732c233be71e4be11b96e56177bf15dde64a8ac9ce72ac9834c6"},
  "telemetry_poller": {:hex, :telemetry_poller, "1.0.0", "db91bb424e07f2bb6e73926fcafbfcbcb295f0193e0a00e825e589a0a47e8453", [:rebar3], [{:telemetry, "~> 1.0", [hex: :telemetry, repo: "hexpm", optional: false]}], "hexpm", "b3a24eafd66c3f42da30fc3ca7dda1e9d546c12250a2d60d7b81d264fbec4f6e"},
  "toolshed": {:hex, :toolshed, "0.2.26", "1e50c8ff6da61d304dd59598667c403ff0873319afb73f40efda775a49e00c93", [:mix], [{:nerves_runtime, "~> 0.8", [hex: :nerves_runtime, repo: "hexpm", optional: true]}], "hexpm", "7e92e03731ed39c1261d5baf58576a771d116e2e3461db35cdd45c78a6b999b2"},
  "uboot_env": {:hex, :uboot_env, "1.0.0", "fdbe0afe65436f760cd372b16a58ccf7c76bbad1538f1766826e0ddbcaf80980", [:mix], [], "hexpm", "86754d5eae9643ca3094ee1d749b808f9d6f0d41b990e1191709b5a66c2b0757"},
  "vintage_net": {:hex, :vintage_net, "0.11.5", "f9a11f6673301816e9fc1c681d7eebd7c8280adeda1de18324b19aecacd5d86c", [:make, :mix], [{:beam_notify, "~> 1.0 or ~> 0.2.0", [hex: :beam_notify, repo: "hexpm", optional: false]}, {:elixir_make, "~> 0.6", [hex: :elixir_make, repo: "hexpm", optional: false]}, {:gen_state_machine, "~> 2.0.0 or ~> 2.1.0 or ~> 3.0.0", [hex: :gen_state_machine, repo: "hexpm", optional: false]}, {:muontrap, "~> 1.0 or ~> 0.5.1 or ~> 0.6.0", [hex: :muontrap, repo: "hexpm", optional: false]}], "hexpm", "db3796103469ff1d78f2a02cda7f8e675f6d6a448ec7130d8a43f6c1be564331"},
  "vintage_net_direct": {:hex, :vintage_net_direct, "0.10.5", "0541c2b5bdb607446ceb571b36c8082ffaf0dd83f30212b155d3378696fada82", [:mix], [{:one_dhcpd, "~> 2.0 or ~> 1.0 or ~> 0.2.3", [hex: :one_dhcpd, repo: "hexpm", optional: false]}, {:vintage_net, "~> 0.9.1 or ~> 0.10.0 or ~> 0.11.0", [hex: :vintage_net, repo: "hexpm", optional: false]}], "hexpm", "4c8654007fe99d6dda2582b4d3b80279776c95f7abe36a2f0c64829a6d42aec6"},
  "vintage_net_ethernet": {:hex, :vintage_net_ethernet, "0.10.3", "5325c590459544f871b0a807061fa37c3833ed8f83b94b0a15d497177503d5c2", [:mix], [{:vintage_net, "~> 0.10.0 or ~> 0.11.0", [hex: :vintage_net, repo: "hexpm", optional: false]}], "hexpm", "4ec1ae7b2188829e493f54e0ba9e36ea53e8c95aecdf5950011ce4f13fe4ed52"},
  "vintage_net_wifi": {:hex, :vintage_net_wifi, "0.10.9", "b3b07992dc2547f7f90b81e0741405ac74204a493180b4d204cd05986445ba02", [:make, :mix], [{:elixir_make, "~> 0.6", [hex: :elixir_make, repo: "hexpm", optional: false]}, {:vintage_net, "~> 0.10.0 or ~> 0.11.0", [hex: :vintage_net, repo: "hexpm", optional: false]}], "hexpm", "a99aad4b9851e240035814d3e0ccf3eff29ef33ac9ca1961ce11fdd5433dd179"},
  "x509": {:hex, :x509, "0.8.4", "30c3d432a776dd89145ddc3d5f4a510b0ebbb02d895055f213a95fa039357fe1", [:mix], [], "hexpm", "063fa3ac437a2cb2e34f87aa60cd691fa92457d722f503d5cd69711214bfa561"},
}
